
Microsoft Visual Studio Solution File, Format Version 12.00
# Visual Studio Version 17
VisualStudioVersion = 17.14.36811.4
MinimumVisualStudioVersion = 10.0.40219.1
Project("{FAE04EC0-301F-11D3-BF4B-00C04F79EFBC}") = "WebApp3", "WebApp3\WebApp3.csproj", "{9A124E30-17AF-4F3D-AB12-16F1F238112B}"
EndProject
Global
	GlobalSection(SolutionConfigurationPlatforms) = preSolution
		Debug|Any CPU = Debug|Any CPU
		Release|Any CPU = Release|Any CPU
	EndGlobalSection
	GlobalSection(ProjectConfigurationPlatforms) = postSolution
		{9A124E30-17AF-4F3D-AB12-16F1F238112B}.Debug|Any CPU.ActiveCfg = Debug|Any CPU
		{9A124E30-17AF-4F3D-AB12-16F1F238112B}.Debug|Any CPU.Build.0 = Debug|Any CPU
		{9A124E30-17AF-4F3D-AB12-16F1F238112B}.Release|Any CPU.ActiveCfg = Release|Any CPU
		{9A124E30-17AF-4F3D-AB12-16F1F238112B}.Release|Any CPU.Build.0 = Release|Any CPU
	EndGlobalSection
	GlobalSection(SolutionProperties) = preSolution
		HideSolutionNode = FALSE
	EndGlobalSection
	GlobalSection(ExtensibilityGlobals) = postSolution
		SolutionGuid = {DC390F06-80CA-4D2D-9CCA-264EF6C3CC46}
	EndGlobalSection
EndGlobal
